<?xml version="1.0" encoding="utf-8"?>
<Project ToolsVersion="4.0" xmlns="http://schemas.microsoft.com/developer/msbuild/2003">
  <ItemGroup>
    <Filter Include="소스 파일">
      <UniqueIdentifier>{4FC737F1-C7A5-4376-A066-2A32D752A2FF}</UniqueIdentifier>
      <Extensions>cpp;c;cc;cxx;c++;cppm;ixx;def;odl;idl;hpj;bat;asm;asmx</Extensions>
    </Filter>
    <Filter Include="헤더 파일">
      <UniqueIdentifier>{93995380-89BD-4b04-88EB-625FBE52EBFB}</UniqueIdentifier>
      <Extensions>h;hh;hpp;hxx;h++;hm;inl;inc;ipp;xsd</Extensions>
    </Filter>
    <Filter Include="리소스 파일">
      <UniqueIdentifier>{67DA6AB6-F800-4c08-8B7A-83BB121AAD01}</UniqueIdentifier>
      <Extensions>rc;ico;cur;bmp;dlg;rc2;rct;bin;rgs;gif;jpg;jpeg;jpe;resx;tiff;tif;png;wav;mfcribbon-ms</Extensions>
    </Filter>
  </ItemGroup>
  <ItemGroup>
    <ClCompile Include="BubbleSort.cpp">
      <Filter>소스 파일</Filter>
    </ClCompile>
    <ClCompile Include="MergeSort.cpp">
      <Filter>소스 파일</Filter>
    </ClCompile>
    <ClCompile Include="QuickSort.cpp">
      <Filter>소스 파일</Filter>
    </ClCompile>
    <ClCompile Include="BaekJoon11720.cpp">
      <Filter>소스 파일</Filter>
    </ClCompile>
    <ClCompile Include="BaekJoon1546.cpp">
      <Filter>소스 파일</Filter>
    </ClCompile>
    <ClCompile Include="BaekJoon11659.cpp">
      <Filter>소스 파일</Filter>
    </ClCompile>
    <ClCompile Include="BaekJoon11660.cpp">
      <Filter>소스 파일</Filter>
    </ClCompile>
    <ClCompile Include="BaekJoon10986.cpp">
      <Filter>소스 파일</Filter>
    </ClCompile>
    <ClCompile Include="BaekJoon2018.cpp">
      <Filter>소스 파일</Filter>
    </ClCompile>
    <ClCompile Include="BaekJoon1940.cpp">
      <Filter>소스 파일</Filter>
    </ClCompile>
    <ClCompile Include="BaekJoon1253.cpp">
      <Filter>소스 파일</Filter>
    </ClCompile>
    <ClCompile Include="BaekJoon12891.cpp">
      <Filter>소스 파일</Filter>
    </ClCompile>
    <ClCompile Include="BaekJoon11003.cpp">
      <Filter>소스 파일</Filter>
    </ClCompile>
    <ClCompile Include="BaekJoon1874.cpp">
      <Filter>소스 파일</Filter>
    </ClCompile>
    <ClCompile Include="BaekJoon17298.cpp">
      <Filter>소스 파일</Filter>
    </ClCompile>
    <ClCompile Include="BaekJoon2164.cpp">
      <Filter>소스 파일</Filter>
    </ClCompile>
    <ClCompile Include="BaekJoon11286.cpp">
      <Filter>소스 파일</Filter>
    </ClCompile>
    <ClCompile Include="BaekJoon2750.cpp">
      <Filter>소스 파일</Filter>
    </ClCompile>
    <ClCompile Include="BaekJoon1377.cpp">
      <Filter>소스 파일</Filter>
    </ClCompile>
    <ClCompile Include="BaekJoon1427.cpp">
      <Filter>소스 파일</Filter>
    </ClCompile>
    <ClCompile Include="BaekJoon11399.cpp">
      <Filter>소스 파일</Filter>
    </ClCompile>
    <ClCompile Include="BaekJoon2751.cpp">
      <Filter>소스 파일</Filter>
    </ClCompile>
    <ClCompile Include="BaekJoon11724.cpp">
      <Filter>소스 파일</Filter>
    </ClCompile>
    <ClCompile Include="BaekJoon2023.cpp">
      <Filter>소스 파일</Filter>
    </ClCompile>
    <ClCompile Include="BaekJoon13023.cpp">
      <Filter>소스 파일</Filter>
    </ClCompile>
    <ClCompile Include="BaekJoon1260.cpp">
      <Filter>소스 파일</Filter>
    </ClCompile>
    <ClCompile Include="BaekJoon2178.cpp">
      <Filter>소스 파일</Filter>
    </ClCompile>
    <ClCompile Include="BaekJoon1167.cpp">
      <Filter>소스 파일</Filter>
    </ClCompile>
    <ClCompile Include="BaekJoon1920.cpp">
      <Filter>소스 파일</Filter>
    </ClCompile>
    <ClCompile Include="BaekJoon2343.cpp">
      <Filter>소스 파일</Filter>
    </ClCompile>
    <ClCompile Include="BaekJoon1300.cpp">
      <Filter>소스 파일</Filter>
    </ClCompile>
    <ClCompile Include="BaekJoon11047.cpp">
      <Filter>소스 파일</Filter>
    </ClCompile>
    <ClCompile Include="BaekJoon1715.cpp">
      <Filter>소스 파일</Filter>
    </ClCompile>
    <ClCompile Include="BaekJoon1744.cpp">
      <Filter>소스 파일</Filter>
    </ClCompile>
    <ClCompile Include="BaekJoon1931.cpp">
      <Filter>소스 파일</Filter>
    </ClCompile>
    <ClCompile Include="BaekJoon1541.cpp">
      <Filter>소스 파일</Filter>
    </ClCompile>
    <ClCompile Include="BaekJoon1929.cpp">
      <Filter>소스 파일</Filter>
    </ClCompile>
    <ClCompile Include="BaekJoon1456.cpp">
      <Filter>소스 파일</Filter>
    </ClCompile>
    <ClCompile Include="BaekJoon1747.cpp">
      <Filter>소스 파일</Filter>
    </ClCompile>
    <ClCompile Include="BaekJoon1016.cpp">
      <Filter>소스 파일</Filter>
    </ClCompile>
    <ClCompile Include="BaekJoon11689.cpp">
      <Filter>소스 파일</Filter>
    </ClCompile>
    <ClCompile Include="BaekJoon1934.cpp">
      <Filter>소스 파일</Filter>
    </ClCompile>
    <ClCompile Include="BaekJoon1850.cpp">
      <Filter>소스 파일</Filter>
    </ClCompile>
    <ClCompile Include="BaekJoon1033.cpp">
      <Filter>소스 파일</Filter>
    </ClCompile>
    <ClCompile Include="BaekJoon21568.cpp">
      <Filter>소스 파일</Filter>
    </ClCompile>
    <ClCompile Include="BaekJoon18352.cpp">
      <Filter>소스 파일</Filter>
    </ClCompile>
    <ClCompile Include="BaekJoon1325.cpp">
      <Filter>소스 파일</Filter>
    </ClCompile>
    <ClCompile Include="BaekJoon1707.cpp">
      <Filter>소스 파일</Filter>
    </ClCompile>
    <ClCompile Include="BaekJoon2251.cpp">
      <Filter>소스 파일</Filter>
    </ClCompile>
    <ClCompile Include="BaekJoon1717.cpp">
      <Filter>소스 파일</Filter>
    </ClCompile>
    <ClCompile Include="BaekJoon1976.cpp">
      <Filter>소스 파일</Filter>
    </ClCompile>
    <ClCompile Include="BaekJoon1043.cpp">
      <Filter>소스 파일</Filter>
    </ClCompile>
    <ClCompile Include="BaekJoon2252.cpp">
      <Filter>소스 파일</Filter>
    </ClCompile>
    <ClCompile Include="BaekJoon1516.cpp">
      <Filter>소스 파일</Filter>
    </ClCompile>
    <ClCompile Include="BaekJoon1948.cpp">
      <Filter>소스 파일</Filter>
    </ClCompile>
    <ClCompile Include="BaekJoon1753.cpp">
      <Filter>소스 파일</Filter>
    </ClCompile>
    <ClCompile Include="BaekJoon1916.cpp">
      <Filter>소스 파일</Filter>
    </ClCompile>
    <ClCompile Include="BaekJoon1854.cpp">
      <Filter>소스 파일</Filter>
    </ClCompile>
    <ClCompile Include="BaekJoon11657.cpp">
      <Filter>소스 파일</Filter>
    </ClCompile>
    <ClCompile Include="BaekJoon1219.cpp">
      <Filter>소스 파일</Filter>
    </ClCompile>
    <ClCompile Include="BaekJoon11404.cpp">
      <Filter>소스 파일</Filter>
    </ClCompile>
    <ClCompile Include="BaekJoon11403.cpp">
      <Filter>소스 파일</Filter>
    </ClCompile>
    <ClCompile Include="BaekJoon1389.cpp">
      <Filter>소스 파일</Filter>
    </ClCompile>
    <ClCompile Include="BaekJoon1197.cpp">
      <Filter>소스 파일</Filter>
    </ClCompile>
    <ClCompile Include="BaekJoon17472.cpp">
      <Filter>소스 파일</Filter>
    </ClCompile>
    <ClCompile Include="BaekJoon1414.cpp">
      <Filter>소스 파일</Filter>
    </ClCompile>
    <ClCompile Include="BaekJoon11725.cpp">
      <Filter>소스 파일</Filter>
    </ClCompile>
    <ClCompile Include="BaekJoon1068.cpp">
      <Filter>소스 파일</Filter>
    </ClCompile>
    <ClCompile Include="BaekJoon14425.cpp">
      <Filter>소스 파일</Filter>
    </ClCompile>
    <ClCompile Include="BaekJoon1991.cpp">
      <Filter>소스 파일</Filter>
    </ClCompile>
    <ClCompile Include="BaekJoon2042.cpp">
      <Filter>소스 파일</Filter>
    </ClCompile>
    <ClCompile Include="BaekJoon10868.cpp">
      <Filter>소스 파일</Filter>
    </ClCompile>
    <ClCompile Include="BaekJoon10505.cpp">
      <Filter>소스 파일</Filter>
    </ClCompile>
    <ClCompile Include="BaekJoon11437.cpp">
      <Filter>소스 파일</Filter>
    </ClCompile>
    <ClCompile Include="BaekJoon11438.cpp">
      <Filter>소스 파일</Filter>
    </ClCompile>
    <ClCompile Include="BaekJoon11050.cpp">
      <Filter>소스 파일</Filter>
    </ClCompile>
    <ClCompile Include="BaekJoon11051.cpp">
      <Filter>소스 파일</Filter>
    </ClCompile>
    <ClCompile Include="BaekJoon2775.cpp">
      <Filter>소스 파일</Filter>
    </ClCompile>
    <ClCompile Include="BaekJoon1010.cpp">
      <Filter>소스 파일</Filter>
    </ClCompile>
    <ClCompile Include="BaekJoon13251.cpp">
      <Filter>소스 파일</Filter>
    </ClCompile>
    <ClCompile Include="BaekJoon1722.cpp">
      <Filter>소스 파일</Filter>
    </ClCompile>
    <ClCompile Include="BaekJoon1256.cpp">
      <Filter>소스 파일</Filter>
    </ClCompile>
    <ClCompile Include="BaekJoon1947.cpp">
      <Filter>소스 파일</Filter>
    </ClCompile>
    <ClCompile Include="BaekJoon1463.cpp">
      <Filter>소스 파일</Filter>
    </ClCompile>
    <ClCompile Include="BaekJoon14501.cpp">
      <Filter>소스 파일</Filter>
    </ClCompile>
    <ClCompile Include="BaekJoon2193.cpp">
      <Filter>소스 파일</Filter>
    </ClCompile>
    <ClCompile Include="BaekJoon11726.cpp">
      <Filter>소스 파일</Filter>
    </ClCompile>
    <ClCompile Include="BaekJoon10844.cpp">
      <Filter>소스 파일</Filter>
    </ClCompile>
    <ClCompile Include="BaekJoon13398.cpp">
      <Filter>소스 파일</Filter>
    </ClCompile>
    <ClCompile Include="BaekJoon2606.cpp">
      <Filter>소스 파일</Filter>
    </ClCompile>
    <ClCompile Include="BaekJoon2667.cpp">
      <Filter>소스 파일</Filter>
    </ClCompile>
    <ClCompile Include="BaekJoon1012.cpp">
      <Filter>소스 파일</Filter>
    </ClCompile>
    <ClCompile Include="BaekJoon7576.cpp">
      <Filter>소스 파일</Filter>
    </ClCompile>
    <ClCompile Include="BaekJoon14502.cpp">
      <Filter>소스 파일</Filter>
    </ClCompile>
    <ClCompile Include="BaekJoon7569.cpp">
      <Filter>소스 파일</Filter>
    </ClCompile>
    <ClCompile Include="BaekJoon2468.cpp">
      <Filter>소스 파일</Filter>
    </ClCompile>
    <ClCompile Include="BaekJoon4963.cpp">
      <Filter>소스 파일</Filter>
    </ClCompile>
    <ClCompile Include="BaekJoon7562.cpp">
      <Filter>소스 파일</Filter>
    </ClCompile>
    <ClCompile Include="BaekJoon9095.cpp">
      <Filter>소스 파일</Filter>
    </ClCompile>
    <ClCompile Include="BaekJoon2206.cpp">
      <Filter>소스 파일</Filter>
    </ClCompile>
    <ClCompile Include="BaekJoon1181.cpp">
      <Filter>소스 파일</Filter>
    </ClCompile>
    <ClCompile Include="BaekJoon1026.cpp">
      <Filter>소스 파일</Filter>
    </ClCompile>
    <ClCompile Include="BaekJoon2839.cpp">
      <Filter>소스 파일</Filter>
    </ClCompile>
    <ClCompile Include="BaekJoon2720.cpp">
      <Filter>소스 파일</Filter>
    </ClCompile>
    <ClCompile Include="BaekJoon5585.cpp">
      <Filter>소스 파일</Filter>
    </ClCompile>
    <ClCompile Include="BaekJoon2217.cpp">
      <Filter>소스 파일</Filter>
    </ClCompile>
    <ClCompile Include="BaekJoon1789.cpp">
      <Filter>소스 파일</Filter>
    </ClCompile>
    <ClCompile Include="BaekJoon1439.cpp">
      <Filter>소스 파일</Filter>
    </ClCompile>
    <ClCompile Include="BaekJoon2579.cpp">
      <Filter>소스 파일</Filter>
    </ClCompile>
    <ClCompile Include="BaekJoon1967.cpp">
      <Filter>소스 파일</Filter>
    </ClCompile>
    <ClCompile Include="BaekJoon1003.cpp">
      <Filter>소스 파일</Filter>
    </ClCompile>
    <ClCompile Include="BackJoon16953.cpp">
      <Filter>소스 파일</Filter>
    </ClCompile>
    <ClCompile Include="BaekJoon1946.cpp">
      <Filter>소스 파일</Filter>
    </ClCompile>
    <ClCompile Include="BaekJoon10816.cpp">
      <Filter>소스 파일</Filter>
    </ClCompile>
    <ClCompile Include="BaekJoon15649.cpp">
      <Filter>소스 파일</Filter>
    </ClCompile>
    <ClCompile Include="BackJoon1806.cpp">
      <Filter>소스 파일</Filter>
    </ClCompile>
    <ClCompile Include="BaekJoon10610.cpp">
      <Filter>소스 파일</Filter>
    </ClCompile>
    <ClCompile Include="BaekJoon1339.cpp">
      <Filter>소스 파일</Filter>
    </ClCompile>
    <ClCompile Include="BaekJoon1152.cpp">
      <Filter>소스 파일</Filter>
    </ClCompile>
    <ClCompile Include="BaekJoon11000.cpp">
      <Filter>소스 파일</Filter>
    </ClCompile>
    <ClCompile Include="BaekJoon2675.cpp">
      <Filter>소스 파일</Filter>
    </ClCompile>
    <ClCompile Include="BaekJoon10809.cpp">
      <Filter>소스 파일</Filter>
    </ClCompile>
    <ClCompile Include="BaekJoon1157.cpp">
      <Filter>소스 파일</Filter>
    </ClCompile>
    <ClCompile Include="BackJoon11650.cpp">
      <Filter>소스 파일</Filter>
    </ClCompile>
  </ItemGroup>
</Project>